
Microsoft Visual Studio Solution File, Format Version 12.00
# Visual Studio Version 17
VisualStudioVersion = 17.2.32526.322
MinimumVisualStudioVersion = 10.0.40219.1
Project("{FAE04EC0-301F-11D3-BF4B-00C04F79EFBC}") = "TestTaskCruxLab", "TestTaskCruxLab.csproj", "{CC6E2C3F-79A4-4AD2-96BF-984DEC57E6DC}"
EndProject
Global
	GlobalSection(SolutionConfigurationPlatforms) = preSolution
		Debug|Any CPU = Debug|Any CPU
		Release|Any CPU = Release|Any CPU
	EndGlobalSection
	GlobalSection(ProjectConfigurationPlatforms) = postSolution
		{CC6E2C3F-79A4-4AD2-96BF-984DEC57E6DC}.Debug|Any CPU.ActiveCfg = Debug|Any CPU
		{CC6E2C3F-79A4-4AD2-96BF-984DEC57E6DC}.Debug|Any CPU.Build.0 = Debug|Any CPU
		{CC6E2C3F-79A4-4AD2-96BF-984DEC57E6DC}.Release|Any CPU.ActiveCfg = Release|Any CPU
		{CC6E2C3F-79A4-4AD2-96BF-984DEC57E6DC}.Release|Any CPU.Build.0 = Release|Any CPU
	EndGlobalSection
	GlobalSection(SolutionProperties) = preSolution
		HideSolutionNode = FALSE
	EndGlobalSection
	GlobalSection(ExtensibilityGlobals) = postSolution
		SolutionGuid = {D320E7CF-B509-494A-8319-81E4301C0A7E}
	EndGlobalSection
EndGlobal
